
Microsoft Visual Studio Solution File, Format Version 12.00
# Visual Studio 15
Project("{FAE04EC0-301F-11D3-BF4B-00C04F79EFBC}") = "Zitochi", "Assembly-CSharp.csproj", "{FE4ADAA9-7626-1D81-B0E6-0BBEDA6BFD79}"
EndProject
Project("{FAE04EC0-301F-11D3-BF4B-00C04F79EFBC}") = "Zitochi", "Assembly-CSharp-firstpass.csproj", "{CAFF74F5-9211-ADB6-5499-73678AD439FB}"
EndProject
Project("{FAE04EC0-301F-11D3-BF4B-00C04F79EFBC}") = "Zitochi", "Assembly-CSharp-Editor-firstpass.csproj", "{0D716907-9E36-B2EB-FBAC-280383355C7E}"
EndProject
Project("{FAE04EC0-301F-11D3-BF4B-00C04F79EFBC}") = "Zitochi", "Assembly-CSharp-Editor.csproj", "{C9855FD8-6309-F7A9-0BCE-3ABA5566A9A1}"
EndProject
Global
	GlobalSection(SolutionConfigurationPlatforms) = preSolution
		Debug|Any CPU = Debug|Any CPU
		Release|Any CPU = Release|Any CPU
	EndGlobalSection
	GlobalSection(ProjectConfigurationPlatforms) = postSolution
		{FE4ADAA9-7626-1D81-B0E6-0BBEDA6BFD79}.Debug|Any CPU.ActiveCfg = Debug|Any CPU
		{FE4ADAA9-7626-1D81-B0E6-0BBEDA6BFD79}.Debug|Any CPU.Build.0 = Debug|Any CPU
		{FE4ADAA9-7626-1D81-B0E6-0BBEDA6BFD79}.Release|Any CPU.ActiveCfg = Release|Any CPU
		{FE4ADAA9-7626-1D81-B0E6-0BBEDA6BFD79}.Release|Any CPU.Build.0 = Release|Any CPU
		{CAFF74F5-9211-ADB6-5499-73678AD439FB}.Debug|Any CPU.ActiveCfg = Debug|Any CPU
		{CAFF74F5-9211-ADB6-5499-73678AD439FB}.Debug|Any CPU.Build.0 = Debug|Any CPU
		{CAFF74F5-9211-ADB6-5499-73678AD439FB}.Release|Any CPU.ActiveCfg = Release|Any CPU
		{CAFF74F5-9211-ADB6-5499-73678AD439FB}.Release|Any CPU.Build.0 = Release|Any CPU
		{0D716907-9E36-B2EB-FBAC-280383355C7E}.Debug|Any CPU.ActiveCfg = Debug|Any CPU
		{0D716907-9E36-B2EB-FBAC-280383355C7E}.Debug|Any CPU.Build.0 = Debug|Any CPU
		{0D716907-9E36-B2EB-FBAC-280383355C7E}.Release|Any CPU.ActiveCfg = Release|Any CPU
		{0D716907-9E36-B2EB-FBAC-280383355C7E}.Release|Any CPU.Build.0 = Release|Any CPU
		{C9855FD8-6309-F7A9-0BCE-3ABA5566A9A1}.Debug|Any CPU.ActiveCfg = Debug|Any CPU
		{C9855FD8-6309-F7A9-0BCE-3ABA5566A9A1}.Debug|Any CPU.Build.0 = Debug|Any CPU
		{C9855FD8-6309-F7A9-0BCE-3ABA5566A9A1}.Release|Any CPU.ActiveCfg = Release|Any CPU
		{C9855FD8-6309-F7A9-0BCE-3ABA5566A9A1}.Release|Any CPU.Build.0 = Release|Any CPU
	EndGlobalSection
	GlobalSection(SolutionProperties) = preSolution
		HideSolutionNode = FALSE
	EndGlobalSection
EndGlobal
